
Microsoft Visual Studio Solution File, Format Version 12.00
Project("{2150E333-8FDC-42A3-9474-1A3956D46DE8}") = "src", "src", "{77F9EA3E-F42F-4B4F-8529-32F4A5C813D2}"
EndProject
Project("{2150E333-8FDC-42A3-9474-1A3956D46DE8}") = "1 - Core", "1 - Core", "{30CF8D26-D70B-44D5-890B-C052201816D3}"
EndProject
Project("{FAE04EC0-301F-11D3-BF4B-00C04F79EFBC}") = "DigitalPlane.ConferenceProject.Domain", "src\DigitalPlane.ConferenceProject.Domain\DigitalPlane.ConferenceProject.Domain.csproj", "{D8E2D27C-4133-44D3-9567-6FF425310390}"
EndProject
Project("{FAE04EC0-301F-11D3-BF4B-00C04F79EFBC}") = "DigitalPlane.ConferenceProject.Application", "src\DigitalPlane.ConferenceProject.Application\DigitalPlane.ConferenceProject.Application.csproj", "{D8881B23-D653-45C2-BA57-B6850988897F}"
EndProject
Project("{2150E333-8FDC-42A3-9474-1A3956D46DE8}") = "2 - Infrastructure", "2 - Infrastructure", "{A32BE606-D929-4BA7-969C-FE5861723C95}"
EndProject
Project("{FAE04EC0-301F-11D3-BF4B-00C04F79EFBC}") = "DigitalPlane.ConferenceProject.Persistence", "src\DigitalPlane.ConferenceProject.Persistence\DigitalPlane.ConferenceProject.Persistence.csproj", "{58BE871D-387A-49C2-9091-F1E903D6CDE2}"
EndProject
Project("{2150E333-8FDC-42A3-9474-1A3956D46DE8}") = "3 - Presentation", "3 - Presentation", "{2AA77619-C082-4EA5-87A6-37BF07DC10B3}"
EndProject
Project("{FAE04EC0-301F-11D3-BF4B-00C04F79EFBC}") = "DigitalPlane.ConferenceProject.Api", "src\DigitalPlane.ConferenceProject.Api\DigitalPlane.ConferenceProject.Api.csproj", "{ED373A29-091A-4D57-A1C3-E3260A446542}"
EndProject
Global
	GlobalSection(SolutionConfigurationPlatforms) = preSolution
		Debug|Any CPU = Debug|Any CPU
		Release|Any CPU = Release|Any CPU
	EndGlobalSection
	GlobalSection(NestedProjects) = preSolution
		{30CF8D26-D70B-44D5-890B-C052201816D3} = {77F9EA3E-F42F-4B4F-8529-32F4A5C813D2}
		{D8E2D27C-4133-44D3-9567-6FF425310390} = {30CF8D26-D70B-44D5-890B-C052201816D3}
		{D8881B23-D653-45C2-BA57-B6850988897F} = {30CF8D26-D70B-44D5-890B-C052201816D3}
		{A32BE606-D929-4BA7-969C-FE5861723C95} = {77F9EA3E-F42F-4B4F-8529-32F4A5C813D2}
		{58BE871D-387A-49C2-9091-F1E903D6CDE2} = {A32BE606-D929-4BA7-969C-FE5861723C95}
		{2AA77619-C082-4EA5-87A6-37BF07DC10B3} = {77F9EA3E-F42F-4B4F-8529-32F4A5C813D2}
		{ED373A29-091A-4D57-A1C3-E3260A446542} = {2AA77619-C082-4EA5-87A6-37BF07DC10B3}
	EndGlobalSection
	GlobalSection(ProjectConfigurationPlatforms) = postSolution
		{D8E2D27C-4133-44D3-9567-6FF425310390}.Debug|Any CPU.ActiveCfg = Debug|Any CPU
		{D8E2D27C-4133-44D3-9567-6FF425310390}.Debug|Any CPU.Build.0 = Debug|Any CPU
		{D8E2D27C-4133-44D3-9567-6FF425310390}.Release|Any CPU.ActiveCfg = Release|Any CPU
		{D8E2D27C-4133-44D3-9567-6FF425310390}.Release|Any CPU.Build.0 = Release|Any CPU
		{D8881B23-D653-45C2-BA57-B6850988897F}.Debug|Any CPU.ActiveCfg = Debug|Any CPU
		{D8881B23-D653-45C2-BA57-B6850988897F}.Debug|Any CPU.Build.0 = Debug|Any CPU
		{D8881B23-D653-45C2-BA57-B6850988897F}.Release|Any CPU.ActiveCfg = Release|Any CPU
		{D8881B23-D653-45C2-BA57-B6850988897F}.Release|Any CPU.Build.0 = Release|Any CPU
		{58BE871D-387A-49C2-9091-F1E903D6CDE2}.Debug|Any CPU.ActiveCfg = Debug|Any CPU
		{58BE871D-387A-49C2-9091-F1E903D6CDE2}.Debug|Any CPU.Build.0 = Debug|Any CPU
		{58BE871D-387A-49C2-9091-F1E903D6CDE2}.Release|Any CPU.ActiveCfg = Release|Any CPU
		{58BE871D-387A-49C2-9091-F1E903D6CDE2}.Release|Any CPU.Build.0 = Release|Any CPU
		{ED373A29-091A-4D57-A1C3-E3260A446542}.Debug|Any CPU.ActiveCfg = Debug|Any CPU
		{ED373A29-091A-4D57-A1C3-E3260A446542}.Debug|Any CPU.Build.0 = Debug|Any CPU
		{ED373A29-091A-4D57-A1C3-E3260A446542}.Release|Any CPU.ActiveCfg = Release|Any CPU
		{ED373A29-091A-4D57-A1C3-E3260A446542}.Release|Any CPU.Build.0 = Release|Any CPU
	EndGlobalSection
EndGlobal
